
Microsoft Visual Studio Solution File, Format Version 12.00
# Visual Studio Version 17
VisualStudioVersion = 17.9.34714.143
MinimumVisualStudioVersion = 10.0.40219.1
Project("{FAE04EC0-301F-11D3-BF4B-00C04F79EFBC}") = "Project_Euler", "Project_Euler\Project_Euler.csproj", "{6AB3DE40-41A9-471D-9057-86E28CEDC805}"
EndProject
Global
	GlobalSection(SolutionConfigurationPlatforms) = preSolution
		Debug|Any CPU = Debug|Any CPU
		Release|Any CPU = Release|Any CPU
	EndGlobalSection
	GlobalSection(ProjectConfigurationPlatforms) = postSolution
		{6AB3DE40-41A9-471D-9057-86E28CEDC805}.Debug|Any CPU.ActiveCfg = Debug|Any CPU
		{6AB3DE40-41A9-471D-9057-86E28CEDC805}.Debug|Any CPU.Build.0 = Debug|Any CPU
		{6AB3DE40-41A9-471D-9057-86E28CEDC805}.Release|Any CPU.ActiveCfg = Release|Any CPU
		{6AB3DE40-41A9-471D-9057-86E28CEDC805}.Release|Any CPU.Build.0 = Release|Any CPU
	EndGlobalSection
	GlobalSection(SolutionProperties) = preSolution
		HideSolutionNode = FALSE
	EndGlobalSection
	GlobalSection(ExtensibilityGlobals) = postSolution
		SolutionGuid = {DCDD0F9B-82DE-4F85-8328-9F09A2B265EB}
	EndGlobalSection
EndGlobal
